{
  "nodes": {
    "Comment-nvim-src": {
      "flake": false,
      "locked": {
        "lastModified": 1681289112,
        "narHash": "sha256-Zrxf50YlAaCERZFAbg4Ece+wI4buHl+K2IIw0qpASGA=",
        "owner": "numToStr",
        "repo": "Comment.nvim",
        "rev": "a89339ffbee677ab0521a483b6dac7e2e67c907e",
        "type": "github"
      },
      "original": {
        "owner": "numToStr",
        "repo": "Comment.nvim",
        "type": "github"
      }
    },
    "bufferline-nvim-src": {
      "flake": false,
      "locked": {
        "lastModified": 1682348289,
        "narHash": "sha256-Iz3z59H6Zj1sydoHShWtbPT40HkyIe+tq50NezI+Qyg=",
        "owner": "akinsho",
        "repo": "bufferline.nvim",
        "rev": "a4bd44523316928a7c4a5c09a3407d02c30b6027",
        "type": "github"
      },
      "original": {
        "owner": "akinsho",
        "repo": "bufferline.nvim",
        "type": "github"
      }
    },
    "cmp-nvim-lsp-src": {
      "flake": false,
      "locked": {
        "lastModified": 1675708067,
        "narHash": "sha256-DxpcPTBlvVP88PDoTheLV2fC76EXDqS2UpM5mAfj/D4=",
        "owner": "hrsh7th",
        "repo": "cmp-nvim-lsp",
        "rev": "0e6b2ed705ddcff9738ec4ea838141654f12eeef",
        "type": "github"
      },
      "original": {
        "owner": "hrsh7th",
        "repo": "cmp-nvim-lsp",
        "type": "github"
      }
    },
    "darwin": {
      "inputs": {
        "nixpkgs": [
          "nixpkgs"
        ]
      },
      "locked": {
        "lastModified": 1682009832,
        "narHash": "sha256-QdNOeFE7sI+0ddqVfn9vQDCUs7OdxhJ7evo9sdyP82Y=",
        "owner": "lnl7",
        "repo": "nix-darwin",
        "rev": "a1ee4d333b092bc055655fb06229eb3013755812",
        "type": "github"
      },
      "original": {
        "owner": "lnl7",
        "ref": "master",
        "repo": "nix-darwin",
        "type": "github"
      }
    },
    "disko": {
      "inputs": {
        "nixpkgs": [
          "nixpkgs"
        ]
      },
      "locked": {
        "lastModified": 1682299489,
        "narHash": "sha256-bqHo0/82KB+IyBMyjBd6QdyZWJl/YZeGggjBsAgRFlY=",
        "owner": "nix-community",
        "repo": "disko",
        "rev": "8ab9e5609929379ab15f03fd3bdc1f85419e5a3a",
        "type": "github"
      },
      "original": {
        "owner": "nix-community",
        "repo": "disko",
        "type": "github"
      }
    },
    "firefox-darwin": {
      "inputs": {
        "nixpkgs": "nixpkgs"
      },
      "locked": {
        "lastModified": 1682556573,
        "narHash": "sha256-n0My2cA3nsP4Df8Bnje1SJyQfm3ZXLQZltRZXdXvHmc=",
        "owner": "bandithedoge",
        "repo": "nixpkgs-firefox-darwin",
        "rev": "c36e24b480db582477e9a355a1fc115acbc35aa1",
        "type": "github"
      },
      "original": {
        "owner": "bandithedoge",
        "repo": "nixpkgs-firefox-darwin",
        "type": "github"
      }
    },
    "flake-compat": {
      "flake": false,
      "locked": {
        "lastModified": 1673956053,
        "narHash": "sha256-4gtG9iQuiKITOjNQQeQIpoIB6b16fm+504Ch3sNKLd8=",
        "owner": "edolstra",
        "repo": "flake-compat",
        "rev": "35bb57c0c8d8b62bbfd284272c928ceb64ddbde9",
        "type": "github"
      },
      "original": {
        "owner": "edolstra",
        "repo": "flake-compat",
        "type": "github"
      }
    },
    "flake-utils": {
      "inputs": {
        "systems": "systems"
      },
      "locked": {
        "lastModified": 1681202837,
        "narHash": "sha256-H+Rh19JDwRtpVPAWp64F+rlEtxUWBAQW28eAi3SRSzg=",
        "owner": "numtide",
        "repo": "flake-utils",
        "rev": "cfacdce06f30d2b68473a46042957675eebb3401",
        "type": "github"
      },
      "original": {
        "owner": "numtide",
        "repo": "flake-utils",
        "type": "github"
      }
    },
    "flake-utils_2": {
      "inputs": {
        "systems": "systems_2"
      },
      "locked": {
        "lastModified": 1681202837,
        "narHash": "sha256-H+Rh19JDwRtpVPAWp64F+rlEtxUWBAQW28eAi3SRSzg=",
        "owner": "numtide",
        "repo": "flake-utils",
        "rev": "cfacdce06f30d2b68473a46042957675eebb3401",
        "type": "github"
      },
      "original": {
        "owner": "numtide",
        "repo": "flake-utils",
        "type": "github"
      }
    },
    "flake-utils_3": {
      "locked": {
        "lastModified": 1678901627,
        "narHash": "sha256-U02riOqrKKzwjsxc/400XnElV+UtPUQWpANPlyazjH0=",
        "owner": "numtide",
        "repo": "flake-utils",
        "rev": "93a2b84fc4b70d9e089d029deacc3583435c2ed6",
        "type": "github"
      },
      "original": {
        "owner": "numtide",
        "repo": "flake-utils",
        "type": "github"
      }
    },
    "home-manager": {
      "inputs": {
        "nixpkgs": [
          "nixpkgs"
        ]
      },
      "locked": {
        "lastModified": 1682535786,
        "narHash": "sha256-NH2a8yB8V25cglvcHDrvaTLvohzMgGLLZ4vnXQn4vOw=",
        "owner": "nix-community",
        "repo": "home-manager",
        "rev": "d82c9af8175878a461a0fdf914e67cc446664570",
        "type": "github"
      },
      "original": {
        "owner": "nix-community",
        "ref": "master",
        "repo": "home-manager",
        "type": "github"
      }
    },
    "nil": {
      "inputs": {
        "flake-utils": "flake-utils",
        "nixpkgs": "nixpkgs_2",
        "rust-overlay": "rust-overlay"
      },
      "locked": {
        "lastModified": 1681412802,
        "narHash": "sha256-IcEala6vFQ7SFNOPCeXBh9Jbl8nL2QOtLmO7RbDsBbo=",
        "owner": "oxalica",
        "repo": "nil",
        "rev": "1d5bc81023c21b22cfbea06a8b4b82963c01b941",
        "type": "github"
      },
      "original": {
        "owner": "oxalica",
        "repo": "nil",
        "type": "github"
      }
    },
    "nix2vim": {
      "inputs": {
        "flake-utils": "flake-utils_2",
        "nixpkgs": [
          "nixpkgs"
        ]
      },
      "locked": {
        "lastModified": 1682346855,
        "narHash": "sha256-Q1+02NaOyIywqKg/hhdB80yfEBZW8CWA9IDBDyLhEf0=",
        "owner": "gytis-ivaskevicius",
        "repo": "nix2vim",
        "rev": "4b8dfdc3434e8fd1ecf08eed9228ab02560eff4c",
        "type": "github"
      },
      "original": {
        "owner": "gytis-ivaskevicius",
        "repo": "nix2vim",
        "type": "github"
      }
    },
    "nixlib": {
      "locked": {
        "lastModified": 1681001314,
        "narHash": "sha256-5sDnCLdrKZqxLPK4KA8+f4A3YKO/u6ElpMILvX0g72c=",
        "owner": "nix-community",
        "repo": "nixpkgs.lib",
        "rev": "367c0e1086a4eb4502b24d872cea2c7acdd557f4",
        "type": "github"
      },
      "original": {
        "owner": "nix-community",
        "repo": "nixpkgs.lib",
        "type": "github"
      }
    },
    "nixos-generators": {
      "inputs": {
        "nixlib": "nixlib",
        "nixpkgs": [
          "nixpkgs"
        ]
      },
      "locked": {
        "lastModified": 1682332772,
        "narHash": "sha256-GMoWhChQdeNM2FFqVbEZgBABSdi/+JgSP6v+jUz5b24=",
        "owner": "nix-community",
        "repo": "nixos-generators",
        "rev": "d774aeedc0685e5871be1e1ee0511900deeb21c2",
        "type": "github"
      },
      "original": {
        "owner": "nix-community",
        "repo": "nixos-generators",
        "type": "github"
      }
    },
    "nixpkgs": {
      "locked": {
        "lastModified": 1639237670,
        "narHash": "sha256-RTdL4rEQcgaZGpvtDgkp3oK/V+1LM3I53n0ACPSroAQ=",
        "owner": "NixOS",
        "repo": "nixpkgs",
        "rev": "edfb969386ebe6c3cf8f878775a7975cd88f926d",
        "type": "github"
      },
      "original": {
        "owner": "NixOS",
        "ref": "master",
        "repo": "nixpkgs",
        "type": "github"
      }
    },
    "nixpkgs_2": {
      "locked": {
        "lastModified": 1682018913,
        "narHash": "sha256-Eo2ZkWB8+qy8fnmxtJUNJl6HHYYAgXDR29+OwDIzm1Q=",
        "owner": "nixos",
        "repo": "nixpkgs",
        "rev": "7048a48bc79b4361f77740420000d2b5454b0df7",
        "type": "github"
      },
      "original": {
        "owner": "nixos",
        "ref": "nixpkgs-unstable",
        "repo": "nixpkgs",
        "type": "github"
      }
    },
    "nixpkgs_3": {
      "locked": {
        "lastModified": 1682453498,
        "narHash": "sha256-WoWiAd7KZt5Eh6n+qojcivaVpnXKqBsVgpixpV2L9CE=",
        "owner": "nixos",
        "repo": "nixpkgs",
        "rev": "c8018361fa1d1650ee8d4b96294783cf564e8a7f",
        "type": "github"
      },
      "original": {
        "owner": "nixos",
        "ref": "nixos-unstable",
        "repo": "nixpkgs",
        "type": "github"
      }
    },
    "nixpkgs_4": {
      "locked": {
        "lastModified": 1679710833,
        "narHash": "sha256-9yKVvGX1oAnlc8vTVvN2lRH35q6ETudQbM1w9ragMRU=",
        "owner": "NixOS",
        "repo": "nixpkgs",
        "rev": "83607dae4e05e1de755bbc7d7949b33fc1cfbbb9",
        "type": "github"
      },
      "original": {
        "owner": "NixOS",
        "ref": "nixos-22.11",
        "repo": "nixpkgs",
        "type": "github"
      }
    },
    "null-ls-nvim-src": {
      "flake": false,
      "locked": {
        "lastModified": 1682519403,
        "narHash": "sha256-cwpfhYcoD+biMgyAXkf9gE89yRSQnNyAowIeuyUKqmI=",
        "owner": "jose-elias-alvarez",
        "repo": "null-ls.nvim",
        "rev": "33b853a3933eed3137cd055aac4e539e69832ad0",
        "type": "github"
      },
      "original": {
        "owner": "jose-elias-alvarez",
        "repo": "null-ls.nvim",
        "type": "github"
      }
    },
    "nur": {
      "locked": {
        "lastModified": 1682558081,
        "narHash": "sha256-dzez8eBDMVs9GhC5bAKm6avCxWRZmXLzHuv1U8nNVJQ=",
        "owner": "nix-community",
        "repo": "nur",
        "rev": "4ac53a1d6c73f1b326256da444bfbac53c317d76",
        "type": "github"
      },
      "original": {
        "owner": "nix-community",
        "repo": "nur",
        "type": "github"
      }
    },
    "nvim-lspconfig-src": {
      "flake": false,
      "locked": {
        "lastModified": 1682559850,
        "narHash": "sha256-i2dhqrPHtegZHwTHCnvpkpwkGSo/Mn5UtGI8ynyO8jg=",
        "owner": "neovim",
        "repo": "nvim-lspconfig",
        "rev": "427378a03ffc1e1bc023275583a49b1993e524d0",
        "type": "github"
      },
      "original": {
        "owner": "neovim",
        "repo": "nvim-lspconfig",
        "type": "github"
      }
    },
    "nvim-tree-lua-src": {
      "flake": false,
      "locked": {
        "lastModified": 1682305439,
        "narHash": "sha256-vSe1QUwfI+GbOsnY31PywsePuxvfK7sNR4BERKo8+iI=",
        "owner": "kyazdani42",
        "repo": "nvim-tree.lua",
        "rev": "bb375fb20327c49920c41d2b51c1ce2f4fe7deb3",
        "type": "github"
      },
      "original": {
        "owner": "kyazdani42",
        "repo": "nvim-tree.lua",
        "type": "github"
      }
    },
    "nvim-treesitter-src": {
      "flake": false,
      "locked": {
        "lastModified": 1677248832,
        "narHash": "sha256-4TmtrufxjVpnSNfFpn6GQStEhq3KQb3JfmfMEJnSI8k=",
        "owner": "nvim-treesitter",
        "repo": "nvim-treesitter",
        "rev": "b401b7423d18c78371c5ff1a5f8d3c14292b2047",
        "type": "github"
      },
      "original": {
        "owner": "nvim-treesitter",
        "ref": "v0.8.5.2",
        "repo": "nvim-treesitter",
        "type": "github"
      }
    },
    "root": {
      "inputs": {
        "Comment-nvim-src": "Comment-nvim-src",
        "bufferline-nvim-src": "bufferline-nvim-src",
        "cmp-nvim-lsp-src": "cmp-nvim-lsp-src",
        "darwin": "darwin",
        "disko": "disko",
        "firefox-darwin": "firefox-darwin",
        "home-manager": "home-manager",
        "nil": "nil",
        "nix2vim": "nix2vim",
        "nixos-generators": "nixos-generators",
        "nixpkgs": "nixpkgs_3",
        "null-ls-nvim-src": "null-ls-nvim-src",
        "nur": "nur",
        "nvim-lspconfig-src": "nvim-lspconfig-src",
        "nvim-tree-lua-src": "nvim-tree-lua-src",
        "nvim-treesitter-src": "nvim-treesitter-src",
        "telescope-nvim-src": "telescope-nvim-src",
        "telescope-project-nvim-src": "telescope-project-nvim-src",
        "toggleterm-nvim-src": "toggleterm-nvim-src",
        "wallpapers": "wallpapers",
        "wsl": "wsl"
      }
    },
    "rust-overlay": {
      "inputs": {
        "flake-utils": [
          "nil",
          "flake-utils"
        ],
        "nixpkgs": [
          "nil",
          "nixpkgs"
        ]
      },
      "locked": {
        "lastModified": 1682043560,
        "narHash": "sha256-ZsF4Yee9pQbvLtwSVGgYux+az4yFSLXrxPyGHm3ptJM=",
        "owner": "oxalica",
        "repo": "rust-overlay",
        "rev": "48037a6f8faeee138ede96bf607bc95c9dab9aec",
        "type": "github"
      },
      "original": {
        "owner": "oxalica",
        "repo": "rust-overlay",
        "type": "github"
      }
    },
    "systems": {
      "locked": {
        "lastModified": 1681028828,
        "narHash": "sha256-Vy1rq5AaRuLzOxct8nz4T6wlgyUR7zLU309k9mBC768=",
        "owner": "nix-systems",
        "repo": "default",
        "rev": "da67096a3b9bf56a91d16901293e51ba5b49a27e",
        "type": "github"
      },
      "original": {
        "owner": "nix-systems",
        "repo": "default",
        "type": "github"
      }
    },
    "systems_2": {
      "locked": {
        "lastModified": 1681028828,
        "narHash": "sha256-Vy1rq5AaRuLzOxct8nz4T6wlgyUR7zLU309k9mBC768=",
        "owner": "nix-systems",
        "repo": "default",
        "rev": "da67096a3b9bf56a91d16901293e51ba5b49a27e",
        "type": "github"
      },
      "original": {
        "owner": "nix-systems",
        "repo": "default",
        "type": "github"
      }
    },
    "telescope-nvim-src": {
      "flake": false,
      "locked": {
        "lastModified": 1682482973,
        "narHash": "sha256-K3jhTlB9Win94oLMXTB4WGl5QY9mE8YrFtLudHlhKj0=",
        "owner": "nvim-telescope",
        "repo": "telescope.nvim",
        "rev": "713d26b98583b160b50fb827adb751f768238ed3",
        "type": "github"
      },
      "original": {
        "owner": "nvim-telescope",
        "repo": "telescope.nvim",
        "type": "github"
      }
    },
    "telescope-project-nvim-src": {
      "flake": false,
      "locked": {
        "lastModified": 1679587563,
        "narHash": "sha256-E8ZpI/B9B8nC7laq7lK1sGcd4I89YFIV6nBowfPE+C4=",
        "owner": "nvim-telescope",
        "repo": "telescope-project.nvim",
        "rev": "fa081e35ba7397e5147a51ece693aa3afda167fc",
        "type": "github"
      },
      "original": {
        "owner": "nvim-telescope",
        "repo": "telescope-project.nvim",
        "type": "github"
      }
    },
    "toggleterm-nvim-src": {
      "flake": false,
      "locked": {
        "lastModified": 1682361318,
        "narHash": "sha256-G5W1XN5mXnrx3TR8/0H8nHmO6o38z9i+ZkrTz22HlxI=",
        "owner": "akinsho",
        "repo": "toggleterm.nvim",
        "rev": "68fdf851c2b7901a7065ff129b77d3483419ddce",
        "type": "github"
      },
      "original": {
        "owner": "akinsho",
        "repo": "toggleterm.nvim",
        "type": "github"
      }
    },
    "wallpapers": {
      "flake": false,
      "locked": {
        "lastModified": 1657544922,
        "narHash": "sha256-1c1uDz37MhksWC75myv6jao5q2mIzD8X8I+TykXXmWg=",
        "owner": "exorcist365",
        "repo": "wallpapers",
        "rev": "8d2860ac6c05cec0f78d5c9d07510f4ff5da90dc",
        "type": "gitlab"
      },
      "original": {
        "owner": "exorcist365",
        "repo": "wallpapers",
        "type": "gitlab"
      }
    },
    "wsl": {
      "inputs": {
        "flake-compat": "flake-compat",
        "flake-utils": "flake-utils_3",
        "nixpkgs": "nixpkgs_4"
      },
      "locked": {
        "lastModified": 1681581389,
        "narHash": "sha256-+ygySqlQy0ejwE1aOF6i6Tiu63V0jxXik0aLlvmqioo=",
        "owner": "nix-community",
        "repo": "NixOS-WSL",
        "rev": "f3b6f6b04728416c64fc5ef52199fd9b9843c47d",
        "type": "github"
      },
      "original": {
        "owner": "nix-community",
        "repo": "NixOS-WSL",
        "type": "github"
      }
    }
  },
  "root": "root",
  "version": 7
}
