{
  "nodes": {
    "Comment-nvim-src": {
      "flake": false,
      "locked": {
        "lastModified": 1678452935,
        "narHash": "sha256-mVJJJ9fUJYgVyGZnW8e6P5QWB0K8nuhTwSWzlBvxv2M=",
        "owner": "numToStr",
        "repo": "Comment.nvim",
        "rev": "8d3aa5c22c2d45e788c7a5fe13ad77368b783c20",
        "type": "github"
      },
      "original": {
        "owner": "numToStr",
        "repo": "Comment.nvim",
        "type": "github"
      }
    },
    "bufferline-nvim-src": {
      "flake": false,
      "locked": {
        "lastModified": 1677796018,
        "narHash": "sha256-tuGitJQ2eXB9/SIHAyPrEVgy2n++GOlBOPLvFv3Ds4E=",
        "owner": "akinsho",
        "repo": "bufferline.nvim",
        "rev": "3677aceb9a72630b0613e56516c8f7151b86f95c",
        "type": "github"
      },
      "original": {
        "owner": "akinsho",
        "repo": "bufferline.nvim",
        "type": "github"
      }
    },
    "cmp-nvim-lsp-src": {
      "flake": false,
      "locked": {
        "lastModified": 1675708067,
        "narHash": "sha256-DxpcPTBlvVP88PDoTheLV2fC76EXDqS2UpM5mAfj/D4=",
        "owner": "hrsh7th",
        "repo": "cmp-nvim-lsp",
        "rev": "0e6b2ed705ddcff9738ec4ea838141654f12eeef",
        "type": "github"
      },
      "original": {
        "owner": "hrsh7th",
        "repo": "cmp-nvim-lsp",
        "type": "github"
      }
    },
    "darwin": {
      "inputs": {
        "nixpkgs": [
          "nixpkgs"
        ]
      },
      "locked": {
        "lastModified": 1680266963,
        "narHash": "sha256-IW/lzbUCOcldLHWHjNSg1YoViDnZOmz0ZJL7EH9OkV8=",
        "owner": "lnl7",
        "repo": "nix-darwin",
        "rev": "99d4187d11be86b49baa3a1aec0530004072374f",
        "type": "github"
      },
      "original": {
        "owner": "lnl7",
        "ref": "master",
        "repo": "nix-darwin",
        "type": "github"
      }
    },
    "disko": {
      "inputs": {
        "nixpkgs": [
          "nixpkgs"
        ]
      },
      "locked": {
        "lastModified": 1678912468,
        "narHash": "sha256-oUo6ZrsuqymuMLLvGfgnQ464OMKnUONv+ryea07iGrE=",
        "owner": "nix-community",
        "repo": "disko",
        "rev": "e8650fc36bf9d2acb411ba0047f863b8e481e3bb",
        "type": "github"
      },
      "original": {
        "owner": "nix-community",
        "repo": "disko",
        "type": "github"
      }
    },
    "firefox-darwin": {
      "inputs": {
        "nixpkgs": "nixpkgs"
      },
      "locked": {
        "lastModified": 1679446046,
        "narHash": "sha256-CBjVE3Sj7Ls1pffxGavqPXRkaLYy1+O88NzBwNdgNcY=",
        "owner": "bandithedoge",
        "repo": "nixpkgs-firefox-darwin",
        "rev": "1531f1477881e76c67b123a55f3d44ed7f83a4ba",
        "type": "github"
      },
      "original": {
        "owner": "bandithedoge",
        "repo": "nixpkgs-firefox-darwin",
        "type": "github"
      }
    },
    "flake-compat": {
      "flake": false,
      "locked": {
        "lastModified": 1673956053,
        "narHash": "sha256-4gtG9iQuiKITOjNQQeQIpoIB6b16fm+504Ch3sNKLd8=",
        "owner": "edolstra",
        "repo": "flake-compat",
        "rev": "35bb57c0c8d8b62bbfd284272c928ceb64ddbde9",
        "type": "github"
      },
      "original": {
        "owner": "edolstra",
        "repo": "flake-compat",
        "type": "github"
      }
    },
    "flake-utils": {
      "locked": {
        "lastModified": 1678901627,
        "narHash": "sha256-U02riOqrKKzwjsxc/400XnElV+UtPUQWpANPlyazjH0=",
        "owner": "numtide",
        "repo": "flake-utils",
        "rev": "93a2b84fc4b70d9e089d029deacc3583435c2ed6",
        "type": "github"
      },
      "original": {
        "owner": "numtide",
        "repo": "flake-utils",
        "type": "github"
      }
    },
    "flake-utils_2": {
      "locked": {
        "lastModified": 1659877975,
        "narHash": "sha256-zllb8aq3YO3h8B/U0/J1WBgAL8EX5yWf5pMj3G0NAmc=",
        "owner": "numtide",
        "repo": "flake-utils",
        "rev": "c0e246b9b83f637f4681389ecabcb2681b4f3af0",
        "type": "github"
      },
      "original": {
        "owner": "numtide",
        "repo": "flake-utils",
        "type": "github"
      }
    },
    "flake-utils_3": {
      "locked": {
        "lastModified": 1676283394,
        "narHash": "sha256-XX2f9c3iySLCw54rJ/CZs+ZK6IQy7GXNY4nSOyu2QG4=",
        "owner": "numtide",
        "repo": "flake-utils",
        "rev": "3db36a8b464d0c4532ba1c7dda728f4576d6d073",
        "type": "github"
      },
      "original": {
        "owner": "numtide",
        "repo": "flake-utils",
        "type": "github"
      }
    },
    "home-manager": {
      "inputs": {
        "nixpkgs": [
          "nixpkgs"
        ],
        "utils": "utils"
      },
      "locked": {
        "lastModified": 1680667162,
        "narHash": "sha256-2vgxK4j42y73S3XB2cThz1dSEyK9J9tfu4mhuEfAw68=",
        "owner": "nix-community",
        "repo": "home-manager",
        "rev": "440faf5ae472657ef2d8cc7756d77b6ab0ace68d",
        "type": "github"
      },
      "original": {
        "owner": "nix-community",
        "ref": "master",
        "repo": "home-manager",
        "type": "github"
      }
    },
    "nil": {
      "inputs": {
        "flake-utils": "flake-utils",
        "nixpkgs": "nixpkgs_2",
        "rust-overlay": "rust-overlay"
      },
      "locked": {
        "lastModified": 1680544266,
        "narHash": "sha256-d/TusDXmIo8IT5DNRA21lN+nOVSER8atIx9TJteR6LQ=",
        "owner": "oxalica",
        "repo": "nil",
        "rev": "56a1fa87b98a9508920f4b0ab8fe36d5b54b2362",
        "type": "github"
      },
      "original": {
        "owner": "oxalica",
        "repo": "nil",
        "type": "github"
      }
    },
    "nix2vim": {
      "inputs": {
        "flake-utils": "flake-utils_2",
        "nixpkgs": [
          "nixpkgs"
        ]
      },
      "locked": {
        "lastModified": 1673891598,
        "narHash": "sha256-EevceKxQtA+I0XVA8tBGKmYV1V1KbWc3gsswysMzeDk=",
        "owner": "gytis-ivaskevicius",
        "repo": "nix2vim",
        "rev": "5b31eb81e2c6c74f9e8a4911660f3bf585d55158",
        "type": "github"
      },
      "original": {
        "owner": "gytis-ivaskevicius",
        "repo": "nix2vim",
        "type": "github"
      }
    },
    "nixlib": {
      "locked": {
        "lastModified": 1677373009,
        "narHash": "sha256-kxhz4QUP8tXa/yVSpEzDDZSEp9FvhzRqZzb+SeUaekw=",
        "owner": "nix-community",
        "repo": "nixpkgs.lib",
        "rev": "c9d4f2476046c6a7a2ce3c2118c48455bf0272ea",
        "type": "github"
      },
      "original": {
        "owner": "nix-community",
        "repo": "nixpkgs.lib",
        "type": "github"
      }
    },
    "nixos-generators": {
      "inputs": {
        "nixlib": "nixlib",
        "nixpkgs": [
          "nixpkgs"
        ]
      },
      "locked": {
        "lastModified": 1678351966,
        "narHash": "sha256-tRFEU0lu3imZb3dtELBY+UbEhWXbb0xlBrsIlpICb+A=",
        "owner": "nix-community",
        "repo": "nixos-generators",
        "rev": "0c043999b16caba6fb571af2d228775729829943",
        "type": "github"
      },
      "original": {
        "owner": "nix-community",
        "repo": "nixos-generators",
        "type": "github"
      }
    },
    "nixpkgs": {
      "locked": {
        "lastModified": 1639237670,
        "narHash": "sha256-RTdL4rEQcgaZGpvtDgkp3oK/V+1LM3I53n0ACPSroAQ=",
        "owner": "NixOS",
        "repo": "nixpkgs",
        "rev": "edfb969386ebe6c3cf8f878775a7975cd88f926d",
        "type": "github"
      },
      "original": {
        "owner": "NixOS",
        "ref": "master",
        "repo": "nixpkgs",
        "type": "github"
      }
    },
    "nixpkgs_2": {
      "locked": {
        "lastModified": 1680487167,
        "narHash": "sha256-9FNIqrxDZgSliGGN2XJJSvcDYmQbgOANaZA4UWnTdg4=",
        "owner": "nixos",
        "repo": "nixpkgs",
        "rev": "53dad94e874c9586e71decf82d972dfb640ef044",
        "type": "github"
      },
      "original": {
        "owner": "nixos",
        "ref": "nixpkgs-unstable",
        "repo": "nixpkgs",
        "type": "github"
      }
    },
    "nixpkgs_3": {
      "locked": {
        "lastModified": 1680758185,
        "narHash": "sha256-sCVWwfnk7zEX8Z+OItiH+pcSklrlsLZ4TJTtnxAYREw=",
        "owner": "nixos",
        "repo": "nixpkgs",
        "rev": "0e19daa510e47a40e06257e205965f3b96ce0ac9",
        "type": "github"
      },
      "original": {
        "owner": "nixos",
        "ref": "nixos-unstable",
        "repo": "nixpkgs",
        "type": "github"
      }
    },
    "nixpkgs_4": {
      "locked": {
        "lastModified": 1677779205,
        "narHash": "sha256-6DBjL9wjq86p2GczmwnHtFRnWPBPItc67gapWENBgX8=",
        "owner": "NixOS",
        "repo": "nixpkgs",
        "rev": "96e18717904dfedcd884541e5a92bf9ff632cf39",
        "type": "github"
      },
      "original": {
        "owner": "NixOS",
        "ref": "nixos-22.11",
        "repo": "nixpkgs",
        "type": "github"
      }
    },
    "null-ls-nvim-src": {
      "flake": false,
      "locked": {
        "lastModified": 1679325581,
        "narHash": "sha256-ixhy8qgP2GEPqrMdI+GsHzeHxESwhRw6cjf5hcpwP1w=",
        "owner": "jose-elias-alvarez",
        "repo": "null-ls.nvim",
        "rev": "13dd1fc13063681ca7e039436c88f6eca7e3e937",
        "type": "github"
      },
      "original": {
        "owner": "jose-elias-alvarez",
        "repo": "null-ls.nvim",
        "type": "github"
      }
    },
    "nur": {
      "locked": {
        "lastModified": 1679482366,
        "narHash": "sha256-88K2ABCsdsVwq6Go/uEn/fds1fUeeeoixOALjrrUI0Q=",
        "owner": "nix-community",
        "repo": "nur",
        "rev": "e9088dc6f9f289fbff984744ad04dccbd5c1f8ac",
        "type": "github"
      },
      "original": {
        "owner": "nix-community",
        "repo": "nur",
        "type": "github"
      }
    },
    "nvim-lspconfig-src": {
      "flake": false,
      "locked": {
        "lastModified": 1680847306,
        "narHash": "sha256-oQBVjsUjAfJpxCN48c2bsL/P0tyb2goZmgAKjQH7QRs=",
        "owner": "neovim",
        "repo": "nvim-lspconfig",
        "rev": "1ec6f5cbf6ffc44c84783d70039df5295ca22b4e",
        "type": "github"
      },
      "original": {
        "owner": "neovim",
        "repo": "nvim-lspconfig",
        "type": "github"
      }
    },
    "nvim-tree-lua-src": {
      "flake": false,
      "locked": {
        "lastModified": 1678748807,
        "narHash": "sha256-u9ZLBL4FY/bkvl4+ofKifyEHM9+KhqeYovhr9VQYG7c=",
        "owner": "kyazdani42",
        "repo": "nvim-tree.lua",
        "rev": "1d79a64a88af47ddbb55f4805ab537d11d5b908e",
        "type": "github"
      },
      "original": {
        "owner": "kyazdani42",
        "repo": "nvim-tree.lua",
        "type": "github"
      }
    },
    "nvim-treesitter-src": {
      "flake": false,
      "locked": {
        "lastModified": 1677248832,
        "narHash": "sha256-4TmtrufxjVpnSNfFpn6GQStEhq3KQb3JfmfMEJnSI8k=",
        "owner": "nvim-treesitter",
        "repo": "nvim-treesitter",
        "rev": "b401b7423d18c78371c5ff1a5f8d3c14292b2047",
        "type": "github"
      },
      "original": {
        "owner": "nvim-treesitter",
        "ref": "v0.8.5.2",
        "repo": "nvim-treesitter",
        "type": "github"
      }
    },
    "root": {
      "inputs": {
        "Comment-nvim-src": "Comment-nvim-src",
        "bufferline-nvim-src": "bufferline-nvim-src",
        "cmp-nvim-lsp-src": "cmp-nvim-lsp-src",
        "darwin": "darwin",
        "disko": "disko",
        "firefox-darwin": "firefox-darwin",
        "home-manager": "home-manager",
        "nil": "nil",
        "nix2vim": "nix2vim",
        "nixos-generators": "nixos-generators",
        "nixpkgs": "nixpkgs_3",
        "null-ls-nvim-src": "null-ls-nvim-src",
        "nur": "nur",
        "nvim-lspconfig-src": "nvim-lspconfig-src",
        "nvim-tree-lua-src": "nvim-tree-lua-src",
        "nvim-treesitter-src": "nvim-treesitter-src",
        "telescope-nvim-src": "telescope-nvim-src",
        "telescope-project-nvim-src": "telescope-project-nvim-src",
        "toggleterm-nvim-src": "toggleterm-nvim-src",
        "wallpapers": "wallpapers",
        "wsl": "wsl"
      }
    },
    "rust-overlay": {
      "inputs": {
        "flake-utils": [
          "nil",
          "flake-utils"
        ],
        "nixpkgs": [
          "nil",
          "nixpkgs"
        ]
      },
      "locked": {
        "lastModified": 1680488274,
        "narHash": "sha256-0vYMrZDdokVmPQQXtFpnqA2wEgCCUXf5a3dDuDVshn0=",
        "owner": "oxalica",
        "repo": "rust-overlay",
        "rev": "7ec2ff598a172c6e8584457167575b3a1a5d80d8",
        "type": "github"
      },
      "original": {
        "owner": "oxalica",
        "repo": "rust-overlay",
        "type": "github"
      }
    },
    "telescope-nvim-src": {
      "flake": false,
      "locked": {
        "lastModified": 1677414372,
        "narHash": "sha256-QmyVJ/LZFtb/qqD5Q5fHsqAGgqaOT9XkVoLyOcqM14w=",
        "owner": "nvim-telescope",
        "repo": "telescope.nvim",
        "rev": "a3f17d3baf70df58b9d3544ea30abe52a7a832c2",
        "type": "github"
      },
      "original": {
        "owner": "nvim-telescope",
        "repo": "telescope.nvim",
        "type": "github"
      }
    },
    "telescope-project-nvim-src": {
      "flake": false,
      "locked": {
        "lastModified": 1671805267,
        "narHash": "sha256-S4SOHzQ17ux5pcwwYFpVVLzjLeC4/EJ0IFPbrfzUJC8=",
        "owner": "nvim-telescope",
        "repo": "telescope-project.nvim",
        "rev": "8e8ee37b7210761502cdf2c3a82b5ba8fb5b2972",
        "type": "github"
      },
      "original": {
        "owner": "nvim-telescope",
        "repo": "telescope-project.nvim",
        "type": "github"
      }
    },
    "toggleterm-nvim-src": {
      "flake": false,
      "locked": {
        "lastModified": 1680290314,
        "narHash": "sha256-862KtB9oqktx/mPI0wSauF7eJIJogqgG6wTTYlCSo9U=",
        "owner": "akinsho",
        "repo": "toggleterm.nvim",
        "rev": "b86982429325112d2b20c6d0cc7a5c4b182ab705",
        "type": "github"
      },
      "original": {
        "owner": "akinsho",
        "repo": "toggleterm.nvim",
        "type": "github"
      }
    },
    "utils": {
      "locked": {
        "lastModified": 1678901627,
        "narHash": "sha256-U02riOqrKKzwjsxc/400XnElV+UtPUQWpANPlyazjH0=",
        "owner": "numtide",
        "repo": "flake-utils",
        "rev": "93a2b84fc4b70d9e089d029deacc3583435c2ed6",
        "type": "github"
      },
      "original": {
        "owner": "numtide",
        "repo": "flake-utils",
        "type": "github"
      }
    },
    "wallpapers": {
      "flake": false,
      "locked": {
        "lastModified": 1657544922,
        "narHash": "sha256-1c1uDz37MhksWC75myv6jao5q2mIzD8X8I+TykXXmWg=",
        "owner": "exorcist365",
        "repo": "wallpapers",
        "rev": "8d2860ac6c05cec0f78d5c9d07510f4ff5da90dc",
        "type": "gitlab"
      },
      "original": {
        "owner": "exorcist365",
        "repo": "wallpapers",
        "type": "gitlab"
      }
    },
    "wsl": {
      "inputs": {
        "flake-compat": "flake-compat",
        "flake-utils": "flake-utils_3",
        "nixpkgs": "nixpkgs_4"
      },
      "locked": {
        "lastModified": 1678648312,
        "narHash": "sha256-aY3CBNyenTUkStQhwigm30+BjXQyA8rCChGD+Z98qqE=",
        "owner": "nix-community",
        "repo": "NixOS-WSL",
        "rev": "c6f663e8583912059605b55c07583b6e96b5e690",
        "type": "github"
      },
      "original": {
        "owner": "nix-community",
        "repo": "NixOS-WSL",
        "type": "github"
      }
    }
  },
  "root": "root",
  "version": 7
}
