{
  "nodes": {
    "nixpkgs": {
      "locked": {
        "lastModified": 1659803779,
        "narHash": "sha256-+5zkHlbcbFyN5f3buO1RAZ9pH1wXLxCesUJ0vFmLr9Y=",
        "owner": "nixos",
        "repo": "nixpkgs",
        "rev": "f44884060cb94240efbe55620f38a8ec8d9af601",
        "type": "github"
      },
      "original": {
        "owner": "nixos",
        "ref": "nixos-unstable",
        "repo": "nixpkgs",
        "type": "github"
      }
    },
    "root": {
      "inputs": {
        "nixpkgs": "nixpkgs"
      }
    }
  },
  "root": "root",
  "version": 7
}
